
Microsoft Visual Studio Solution File, Format Version 12.00
# Visual Studio 15
VisualStudioVersion = 15.0.28307.1340
MinimumVisualStudioVersion = 10.0.40219.1
Project("{FAE04EC0-301F-11D3-BF4B-00C04F79EFBC}") = "BaiTapBuoi2", "BaiTapBuoi2\BaiTapBuoi2.csproj", "{596DDBF1-9579-40C5-A030-E2B06D432B1B}"
EndProject
Global
	GlobalSection(SolutionConfigurationPlatforms) = preSolution
		Debug|Any CPU = Debug|Any CPU
		Release|Any CPU = Release|Any CPU
	EndGlobalSection
	GlobalSection(ProjectConfigurationPlatforms) = postSolution
		{596DDBF1-9579-40C5-A030-E2B06D432B1B}.Debug|Any CPU.ActiveCfg = Debug|Any CPU
		{596DDBF1-9579-40C5-A030-E2B06D432B1B}.Debug|Any CPU.Build.0 = Debug|Any CPU
		{596DDBF1-9579-40C5-A030-E2B06D432B1B}.Release|Any CPU.ActiveCfg = Release|Any CPU
		{596DDBF1-9579-40C5-A030-E2B06D432B1B}.Release|Any CPU.Build.0 = Release|Any CPU
	EndGlobalSection
	GlobalSection(SolutionProperties) = preSolution
		HideSolutionNode = FALSE
	EndGlobalSection
	GlobalSection(ExtensibilityGlobals) = postSolution
		SolutionGuid = {BFAA9A9C-1593-4872-A800-8F14A169611B}
	EndGlobalSection
EndGlobal
